dependencies:
- name: elasticsearch
  repository: https://charts.bitnami.com/bitnami
  version: 21.3.12
- name: memcached
  repository: https://charts.bitnami.com/bitnami
  version: 7.4.11
- name: rabbitmq
  repository: https://charts.bitnami.com/bitnami
  version: 12.10.0
- name: mariadb
  repository: https://charts.bitnami.com/bitnami
  version: 16.0.2
digest: sha256:102ce760b498165f80fa0380ab448d36591f726ba3dec8f5fe94fe298e0d9883
generated: "2024-09-30T13:54:24.2647474-06:00"
