dependencies:
- name: redis
  repository: https://charts.bitnami.com/bitnami
  version: 19.6.4
- name: memcached
  repository: https://charts.bitnami.com/bitnami
  version: 7.4.11
- name: mariadb
  repository: https://charts.bitnami.com/bitnami
  version: 19.0.4
digest: sha256:70c5aff049e549b519cb98fbb60ae6940233316fe3618674a4054eb411a50bbf
generated: "2024-09-04T19:49:57.8638947-06:00"
